
Microsoft Visual Studio Solution File, Format Version 12.00
# Visual Studio Version 17
VisualStudioVersion = 17.8.34330.188
MinimumVisualStudioVersion = 10.0.40219.1
Project("{8BC9CEB8-8B4A-11D0-8D11-00A0C91BC942}") = "Program", "Program.vcxproj", "{AA757ADF-023E-4A2A-905D-D8C0CE5F0BB2}"
EndProject
Project("{8BC9CEB8-8B4A-11D0-8D11-00A0C91BC942}") = "Class 1th (Stream)", "..\Class1th (Stream)\Class1th (Stream).vcxproj", "{9F2E8E33-282E-4DFA-AC23-ECFE0F9B71FC}"
EndProject
Project("{8BC9CEB8-8B4A-11D0-8D11-00A0C91BC942}") = "Class 2th (namespace)", "..\Class2th (namespace)\Class2th (namespace).vcxproj", "{88B276D7-86BE-48D6-902C-A48619E24BFB}"
EndProject
Project("{8BC9CEB8-8B4A-11D0-8D11-00A0C91BC942}") = "Class 3th", "..\Class 3th\Class 3th.vcxproj", "{04DA69F7-332F-4CD8-8783-845923630C64}"
EndProject
Project("{8BC9CEB8-8B4A-11D0-8D11-00A0C91BC942}") = "Class 4th (Copy Constructor)", "..\Class 4th (Copy Constructor)\Class 4th (Copy Constructor).vcxproj", "{006BFE02-7A9B-454F-8682-EEDB3BA6D822}"
EndProject
Project("{8BC9CEB8-8B4A-11D0-8D11-00A0C91BC942}") = "Class 5th (Default Parameter)", "..\Class 5th (Default Parameter)\Class 5th (Default Parameter).vcxproj", "{809CE23B-EC93-43B9-BA3A-07D50C752158}"
EndProject
Project("{8BC9CEB8-8B4A-11D0-8D11-00A0C91BC942}") = "Class 6th (Encapsulation)", "..\Class 6th (Encapsulation)\Class 6th (Encapsulation).vcxproj", "{05A4B08D-5884-40B2-84FF-818C4DFB5EFD}"
EndProject
Project("{8BC9CEB8-8B4A-11D0-8D11-00A0C91BC942}") = "Class 7th (Inheritance)", "..\Class 7th (Inheritance)\Class 7th (Inheritance).vcxproj", "{F08AC7B3-F674-48C3-BA1E-031A4D3D9695}"
EndProject
Global
	GlobalSection(SolutionConfigurationPlatforms) = preSolution
		Debug|x64 = Debug|x64
		Debug|x86 = Debug|x86
		Release|x64 = Release|x64
		Release|x86 = Release|x86
	EndGlobalSection
	GlobalSection(ProjectConfigurationPlatforms) = postSolution
		{AA757ADF-023E-4A2A-905D-D8C0CE5F0BB2}.Debug|x64.ActiveCfg = Debug|x64
		{AA757ADF-023E-4A2A-905D-D8C0CE5F0BB2}.Debug|x64.Build.0 = Debug|x64
		{AA757ADF-023E-4A2A-905D-D8C0CE5F0BB2}.Debug|x86.ActiveCfg = Debug|Win32
		{AA757ADF-023E-4A2A-905D-D8C0CE5F0BB2}.Debug|x86.Build.0 = Debug|Win32
		{AA757ADF-023E-4A2A-905D-D8C0CE5F0BB2}.Release|x64.ActiveCfg = Release|x64
		{AA757ADF-023E-4A2A-905D-D8C0CE5F0BB2}.Release|x64.Build.0 = Release|x64
		{AA757ADF-023E-4A2A-905D-D8C0CE5F0BB2}.Release|x86.ActiveCfg = Release|Win32
		{AA757ADF-023E-4A2A-905D-D8C0CE5F0BB2}.Release|x86.Build.0 = Release|Win32
		{9F2E8E33-282E-4DFA-AC23-ECFE0F9B71FC}.Debug|x64.ActiveCfg = Debug|x64
		{9F2E8E33-282E-4DFA-AC23-ECFE0F9B71FC}.Debug|x64.Build.0 = Debug|x64
		{9F2E8E33-282E-4DFA-AC23-ECFE0F9B71FC}.Debug|x86.ActiveCfg = Debug|Win32
		{9F2E8E33-282E-4DFA-AC23-ECFE0F9B71FC}.Debug|x86.Build.0 = Debug|Win32
		{9F2E8E33-282E-4DFA-AC23-ECFE0F9B71FC}.Release|x64.ActiveCfg = Release|x64
		{9F2E8E33-282E-4DFA-AC23-ECFE0F9B71FC}.Release|x64.Build.0 = Release|x64
		{9F2E8E33-282E-4DFA-AC23-ECFE0F9B71FC}.Release|x86.ActiveCfg = Release|Win32
		{9F2E8E33-282E-4DFA-AC23-ECFE0F9B71FC}.Release|x86.Build.0 = Release|Win32
		{88B276D7-86BE-48D6-902C-A48619E24BFB}.Debug|x64.ActiveCfg = Debug|x64
		{88B276D7-86BE-48D6-902C-A48619E24BFB}.Debug|x64.Build.0 = Debug|x64
		{88B276D7-86BE-48D6-902C-A48619E24BFB}.Debug|x86.ActiveCfg = Debug|Win32
		{88B276D7-86BE-48D6-902C-A48619E24BFB}.Debug|x86.Build.0 = Debug|Win32
		{88B276D7-86BE-48D6-902C-A48619E24BFB}.Release|x64.ActiveCfg = Release|x64
		{88B276D7-86BE-48D6-902C-A48619E24BFB}.Release|x64.Build.0 = Release|x64
		{88B276D7-86BE-48D6-902C-A48619E24BFB}.Release|x86.ActiveCfg = Release|Win32
		{88B276D7-86BE-48D6-902C-A48619E24BFB}.Release|x86.Build.0 = Release|Win32
		{04DA69F7-332F-4CD8-8783-845923630C64}.Debug|x64.ActiveCfg = Debug|x64
		{04DA69F7-332F-4CD8-8783-845923630C64}.Debug|x64.Build.0 = Debug|x64
		{04DA69F7-332F-4CD8-8783-845923630C64}.Debug|x86.ActiveCfg = Debug|Win32
		{04DA69F7-332F-4CD8-8783-845923630C64}.Debug|x86.Build.0 = Debug|Win32
		{04DA69F7-332F-4CD8-8783-845923630C64}.Release|x64.ActiveCfg = Release|x64
		{04DA69F7-332F-4CD8-8783-845923630C64}.Release|x64.Build.0 = Release|x64
		{04DA69F7-332F-4CD8-8783-845923630C64}.Release|x86.ActiveCfg = Release|Win32
		{04DA69F7-332F-4CD8-8783-845923630C64}.Release|x86.Build.0 = Release|Win32
		{006BFE02-7A9B-454F-8682-EEDB3BA6D822}.Debug|x64.ActiveCfg = Debug|x64
		{006BFE02-7A9B-454F-8682-EEDB3BA6D822}.Debug|x64.Build.0 = Debug|x64
		{006BFE02-7A9B-454F-8682-EEDB3BA6D822}.Debug|x86.ActiveCfg = Debug|Win32
		{006BFE02-7A9B-454F-8682-EEDB3BA6D822}.Debug|x86.Build.0 = Debug|Win32
		{006BFE02-7A9B-454F-8682-EEDB3BA6D822}.Release|x64.ActiveCfg = Release|x64
		{006BFE02-7A9B-454F-8682-EEDB3BA6D822}.Release|x64.Build.0 = Release|x64
		{006BFE02-7A9B-454F-8682-EEDB3BA6D822}.Release|x86.ActiveCfg = Release|Win32
		{006BFE02-7A9B-454F-8682-EEDB3BA6D822}.Release|x86.Build.0 = Release|Win32
		{809CE23B-EC93-43B9-BA3A-07D50C752158}.Debug|x64.ActiveCfg = Debug|x64
		{809CE23B-EC93-43B9-BA3A-07D50C752158}.Debug|x64.Build.0 = Debug|x64
		{809CE23B-EC93-43B9-BA3A-07D50C752158}.Debug|x86.ActiveCfg = Debug|Win32
		{809CE23B-EC93-43B9-BA3A-07D50C752158}.Debug|x86.Build.0 = Debug|Win32
		{809CE23B-EC93-43B9-BA3A-07D50C752158}.Release|x64.ActiveCfg = Release|x64
		{809CE23B-EC93-43B9-BA3A-07D50C752158}.Release|x64.Build.0 = Release|x64
		{809CE23B-EC93-43B9-BA3A-07D50C752158}.Release|x86.ActiveCfg = Release|Win32
		{809CE23B-EC93-43B9-BA3A-07D50C752158}.Release|x86.Build.0 = Release|Win32
		{05A4B08D-5884-40B2-84FF-818C4DFB5EFD}.Debug|x64.ActiveCfg = Debug|x64
		{05A4B08D-5884-40B2-84FF-818C4DFB5EFD}.Debug|x64.Build.0 = Debug|x64
		{05A4B08D-5884-40B2-84FF-818C4DFB5EFD}.Debug|x86.ActiveCfg = Debug|Win32
		{05A4B08D-5884-40B2-84FF-818C4DFB5EFD}.Debug|x86.Build.0 = Debug|Win32
		{05A4B08D-5884-40B2-84FF-818C4DFB5EFD}.Release|x64.ActiveCfg = Release|x64
		{05A4B08D-5884-40B2-84FF-818C4DFB5EFD}.Release|x64.Build.0 = Release|x64
		{05A4B08D-5884-40B2-84FF-818C4DFB5EFD}.Release|x86.ActiveCfg = Release|Win32
		{05A4B08D-5884-40B2-84FF-818C4DFB5EFD}.Release|x86.Build.0 = Release|Win32
		{F08AC7B3-F674-48C3-BA1E-031A4D3D9695}.Debug|x64.ActiveCfg = Debug|x64
		{F08AC7B3-F674-48C3-BA1E-031A4D3D9695}.Debug|x64.Build.0 = Debug|x64
		{F08AC7B3-F674-48C3-BA1E-031A4D3D9695}.Debug|x86.ActiveCfg = Debug|Win32
		{F08AC7B3-F674-48C3-BA1E-031A4D3D9695}.Debug|x86.Build.0 = Debug|Win32
		{F08AC7B3-F674-48C3-BA1E-031A4D3D9695}.Release|x64.ActiveCfg = Release|x64
		{F08AC7B3-F674-48C3-BA1E-031A4D3D9695}.Release|x64.Build.0 = Release|x64
		{F08AC7B3-F674-48C3-BA1E-031A4D3D9695}.Release|x86.ActiveCfg = Release|Win32
		{F08AC7B3-F674-48C3-BA1E-031A4D3D9695}.Release|x86.Build.0 = Release|Win32
	EndGlobalSection
	GlobalSection(SolutionProperties) = preSolution
		HideSolutionNode = FALSE
	EndGlobalSection
	GlobalSection(ExtensibilityGlobals) = postSolution
		SolutionGuid = {59F21753-32D4-4536-A4C4-60B1FFD8D1CA}
	EndGlobalSection
EndGlobal
