
Microsoft Visual Studio Solution File, Format Version 12.00
# Visual Studio Version 17
VisualStudioVersion = 17.8.34330.188
MinimumVisualStudioVersion = 10.0.40219.1
Project("{8BC9CEB8-8B4A-11D0-8D11-00A0C91BC942}") = "Program", "Program.vcxproj", "{AA757ADF-023E-4A2A-905D-D8C0CE5F0BB2}"
EndProject
Project("{8BC9CEB8-8B4A-11D0-8D11-00A0C91BC942}") = "Class 1th (Stream)", "..\Class1th (Stream)\Class1th (Stream).vcxproj", "{9F2E8E33-282E-4DFA-AC23-ECFE0F9B71FC}"
EndProject
Project("{8BC9CEB8-8B4A-11D0-8D11-00A0C91BC942}") = "Class 2th (namespace)", "..\Class2th (namespace)\Class2th (namespace).vcxproj", "{88B276D7-86BE-48D6-902C-A48619E24BFB}"
EndProject
Project("{8BC9CEB8-8B4A-11D0-8D11-00A0C91BC942}") = "Class 3th", "..\Class 3th\Class 3th.vcxproj", "{04DA69F7-332F-4CD8-8783-845923630C64}"
EndProject
Project("{8BC9CEB8-8B4A-11D0-8D11-00A0C91BC942}") = "Class 4th (Copy Constructor)", "..\Class 4th (Copy Constructor)\Class 4th (Copy Constructor).vcxproj", "{006BFE02-7A9B-454F-8682-EEDB3BA6D822}"
EndProject
Project("{8BC9CEB8-8B4A-11D0-8D11-00A0C91BC942}") = "Class 5th (Default Parameter)", "..\Class 5th (Default Parameter)\Class 5th (Default Parameter).vcxproj", "{809CE23B-EC93-43B9-BA3A-07D50C752158}"
EndProject
Project("{8BC9CEB8-8B4A-11D0-8D11-00A0C91BC942}") = "Class 6th (Encapsulation)", "..\Class 6th (Encapsulation)\Class 6th (Encapsulation).vcxproj", "{05A4B08D-5884-40B2-84FF-818C4DFB5EFD}"
EndProject
Project("{8BC9CEB8-8B4A-11D0-8D11-00A0C91BC942}") = "Class 7th (Inheritance)", "..\Class 7th (Inheritance)\Class 7th (Inheritance).vcxproj", "{F08AC7B3-F674-48C3-BA1E-031A4D3D9695}"
EndProject
Project("{8BC9CEB8-8B4A-11D0-8D11-00A0C91BC942}") = "Class 8th (Polymorphism)", "..\Class 8th (Polymorphism)\Class 8th (Polymorphism).vcxproj", "{1FCCDDB4-5E42-44F3-ADDA-F299DB90F567}"
EndProject
Project("{8BC9CEB8-8B4A-11D0-8D11-00A0C91BC942}") = "Class 9th (Virtual Function)", "..\Class 9th (Virtual Function)\Class 9th (Virtual Function).vcxproj", "{E658A206-C3E4-4EA5-8F0D-671915F90562}"
EndProject
Project("{8BC9CEB8-8B4A-11D0-8D11-00A0C91BC942}") = "Class 10th (Upcasting)", "..\Class 10th (Upcasting)\Class 10th (Upcasting).vcxproj", "{492620FE-9B1D-4CBB-ABD6-DA8069ACF199}"
EndProject
Project("{8BC9CEB8-8B4A-11D0-8D11-00A0C91BC942}") = "Class 11th (Pure Virtual Function)", "..\Class 11th (Pure Virtual Function)\Class 11th (Pure Virtual Function).vcxproj", "{A84333F6-833E-4BBA-85CC-2C26F3F4CA63}"
EndProject
Project("{8BC9CEB8-8B4A-11D0-8D11-00A0C91BC942}") = "Class 12th (Smart Pointer)", "..\Class 12th (Smart Pointer)\Class 12th (Smart Pointer).vcxproj", "{D71F12AE-7D66-411C-9768-798EF56D82F9}"
EndProject
Project("{8BC9CEB8-8B4A-11D0-8D11-00A0C91BC942}") = "Class 13th (Template)", "..\Class 13th (Template)\Class 13th (Template).vcxproj", "{F60C0E78-2221-49EC-947F-04C8C0C98C84}"
EndProject
Project("{8BC9CEB8-8B4A-11D0-8D11-00A0C91BC942}") = "Class 14th (Virtual Inheritance)", "..\Class 14th (Virtual Inheritance)\Class 14th (Virtual Inheritance).vcxproj", "{5E31F819-1339-4ACB-A0B1-AE724F4509C2}"
EndProject
Global
	GlobalSection(SolutionConfigurationPlatforms) = preSolution
		Debug|x64 = Debug|x64
		Debug|x86 = Debug|x86
		Release|x64 = Release|x64
		Release|x86 = Release|x86
	EndGlobalSection
	GlobalSection(ProjectConfigurationPlatforms) = postSolution
		{AA757ADF-023E-4A2A-905D-D8C0CE5F0BB2}.Debug|x64.ActiveCfg = Debug|x64
		{AA757ADF-023E-4A2A-905D-D8C0CE5F0BB2}.Debug|x64.Build.0 = Debug|x64
		{AA757ADF-023E-4A2A-905D-D8C0CE5F0BB2}.Debug|x86.ActiveCfg = Debug|Win32
		{AA757ADF-023E-4A2A-905D-D8C0CE5F0BB2}.Debug|x86.Build.0 = Debug|Win32
		{AA757ADF-023E-4A2A-905D-D8C0CE5F0BB2}.Release|x64.ActiveCfg = Release|x64
		{AA757ADF-023E-4A2A-905D-D8C0CE5F0BB2}.Release|x64.Build.0 = Release|x64
		{AA757ADF-023E-4A2A-905D-D8C0CE5F0BB2}.Release|x86.ActiveCfg = Release|Win32
		{AA757ADF-023E-4A2A-905D-D8C0CE5F0BB2}.Release|x86.Build.0 = Release|Win32
		{9F2E8E33-282E-4DFA-AC23-ECFE0F9B71FC}.Debug|x64.ActiveCfg = Debug|x64
		{9F2E8E33-282E-4DFA-AC23-ECFE0F9B71FC}.Debug|x64.Build.0 = Debug|x64
		{9F2E8E33-282E-4DFA-AC23-ECFE0F9B71FC}.Debug|x86.ActiveCfg = Debug|Win32
		{9F2E8E33-282E-4DFA-AC23-ECFE0F9B71FC}.Debug|x86.Build.0 = Debug|Win32
		{9F2E8E33-282E-4DFA-AC23-ECFE0F9B71FC}.Release|x64.ActiveCfg = Release|x64
		{9F2E8E33-282E-4DFA-AC23-ECFE0F9B71FC}.Release|x64.Build.0 = Release|x64
		{9F2E8E33-282E-4DFA-AC23-ECFE0F9B71FC}.Release|x86.ActiveCfg = Release|Win32
		{9F2E8E33-282E-4DFA-AC23-ECFE0F9B71FC}.Release|x86.Build.0 = Release|Win32
		{88B276D7-86BE-48D6-902C-A48619E24BFB}.Debug|x64.ActiveCfg = Debug|x64
		{88B276D7-86BE-48D6-902C-A48619E24BFB}.Debug|x64.Build.0 = Debug|x64
		{88B276D7-86BE-48D6-902C-A48619E24BFB}.Debug|x86.ActiveCfg = Debug|Win32
		{88B276D7-86BE-48D6-902C-A48619E24BFB}.Debug|x86.Build.0 = Debug|Win32
		{88B276D7-86BE-48D6-902C-A48619E24BFB}.Release|x64.ActiveCfg = Release|x64
		{88B276D7-86BE-48D6-902C-A48619E24BFB}.Release|x64.Build.0 = Release|x64
		{88B276D7-86BE-48D6-902C-A48619E24BFB}.Release|x86.ActiveCfg = Release|Win32
		{88B276D7-86BE-48D6-902C-A48619E24BFB}.Release|x86.Build.0 = Release|Win32
		{04DA69F7-332F-4CD8-8783-845923630C64}.Debug|x64.ActiveCfg = Debug|x64
		{04DA69F7-332F-4CD8-8783-845923630C64}.Debug|x64.Build.0 = Debug|x64
		{04DA69F7-332F-4CD8-8783-845923630C64}.Debug|x86.ActiveCfg = Debug|Win32
		{04DA69F7-332F-4CD8-8783-845923630C64}.Debug|x86.Build.0 = Debug|Win32
		{04DA69F7-332F-4CD8-8783-845923630C64}.Release|x64.ActiveCfg = Release|x64
		{04DA69F7-332F-4CD8-8783-845923630C64}.Release|x64.Build.0 = Release|x64
		{04DA69F7-332F-4CD8-8783-845923630C64}.Release|x86.ActiveCfg = Release|Win32
		{04DA69F7-332F-4CD8-8783-845923630C64}.Release|x86.Build.0 = Release|Win32
		{006BFE02-7A9B-454F-8682-EEDB3BA6D822}.Debug|x64.ActiveCfg = Debug|x64
		{006BFE02-7A9B-454F-8682-EEDB3BA6D822}.Debug|x64.Build.0 = Debug|x64
		{006BFE02-7A9B-454F-8682-EEDB3BA6D822}.Debug|x86.ActiveCfg = Debug|Win32
		{006BFE02-7A9B-454F-8682-EEDB3BA6D822}.Debug|x86.Build.0 = Debug|Win32
		{006BFE02-7A9B-454F-8682-EEDB3BA6D822}.Release|x64.ActiveCfg = Release|x64
		{006BFE02-7A9B-454F-8682-EEDB3BA6D822}.Release|x64.Build.0 = Release|x64
		{006BFE02-7A9B-454F-8682-EEDB3BA6D822}.Release|x86.ActiveCfg = Release|Win32
		{006BFE02-7A9B-454F-8682-EEDB3BA6D822}.Release|x86.Build.0 = Release|Win32
		{809CE23B-EC93-43B9-BA3A-07D50C752158}.Debug|x64.ActiveCfg = Debug|x64
		{809CE23B-EC93-43B9-BA3A-07D50C752158}.Debug|x64.Build.0 = Debug|x64
		{809CE23B-EC93-43B9-BA3A-07D50C752158}.Debug|x86.ActiveCfg = Debug|Win32
		{809CE23B-EC93-43B9-BA3A-07D50C752158}.Debug|x86.Build.0 = Debug|Win32
		{809CE23B-EC93-43B9-BA3A-07D50C752158}.Release|x64.ActiveCfg = Release|x64
		{809CE23B-EC93-43B9-BA3A-07D50C752158}.Release|x64.Build.0 = Release|x64
		{809CE23B-EC93-43B9-BA3A-07D50C752158}.Release|x86.ActiveCfg = Release|Win32
		{809CE23B-EC93-43B9-BA3A-07D50C752158}.Release|x86.Build.0 = Release|Win32
		{05A4B08D-5884-40B2-84FF-818C4DFB5EFD}.Debug|x64.ActiveCfg = Debug|x64
		{05A4B08D-5884-40B2-84FF-818C4DFB5EFD}.Debug|x64.Build.0 = Debug|x64
		{05A4B08D-5884-40B2-84FF-818C4DFB5EFD}.Debug|x86.ActiveCfg = Debug|Win32
		{05A4B08D-5884-40B2-84FF-818C4DFB5EFD}.Debug|x86.Build.0 = Debug|Win32
		{05A4B08D-5884-40B2-84FF-818C4DFB5EFD}.Release|x64.ActiveCfg = Release|x64
		{05A4B08D-5884-40B2-84FF-818C4DFB5EFD}.Release|x64.Build.0 = Release|x64
		{05A4B08D-5884-40B2-84FF-818C4DFB5EFD}.Release|x86.ActiveCfg = Release|Win32
		{05A4B08D-5884-40B2-84FF-818C4DFB5EFD}.Release|x86.Build.0 = Release|Win32
		{F08AC7B3-F674-48C3-BA1E-031A4D3D9695}.Debug|x64.ActiveCfg = Debug|x64
		{F08AC7B3-F674-48C3-BA1E-031A4D3D9695}.Debug|x64.Build.0 = Debug|x64
		{F08AC7B3-F674-48C3-BA1E-031A4D3D9695}.Debug|x86.ActiveCfg = Debug|Win32
		{F08AC7B3-F674-48C3-BA1E-031A4D3D9695}.Debug|x86.Build.0 = Debug|Win32
		{F08AC7B3-F674-48C3-BA1E-031A4D3D9695}.Release|x64.ActiveCfg = Release|x64
		{F08AC7B3-F674-48C3-BA1E-031A4D3D9695}.Release|x64.Build.0 = Release|x64
		{F08AC7B3-F674-48C3-BA1E-031A4D3D9695}.Release|x86.ActiveCfg = Release|Win32
		{F08AC7B3-F674-48C3-BA1E-031A4D3D9695}.Release|x86.Build.0 = Release|Win32
		{1FCCDDB4-5E42-44F3-ADDA-F299DB90F567}.Debug|x64.ActiveCfg = Debug|x64
		{1FCCDDB4-5E42-44F3-ADDA-F299DB90F567}.Debug|x64.Build.0 = Debug|x64
		{1FCCDDB4-5E42-44F3-ADDA-F299DB90F567}.Debug|x86.ActiveCfg = Debug|Win32
		{1FCCDDB4-5E42-44F3-ADDA-F299DB90F567}.Debug|x86.Build.0 = Debug|Win32
		{1FCCDDB4-5E42-44F3-ADDA-F299DB90F567}.Release|x64.ActiveCfg = Release|x64
		{1FCCDDB4-5E42-44F3-ADDA-F299DB90F567}.Release|x64.Build.0 = Release|x64
		{1FCCDDB4-5E42-44F3-ADDA-F299DB90F567}.Release|x86.ActiveCfg = Release|Win32
		{1FCCDDB4-5E42-44F3-ADDA-F299DB90F567}.Release|x86.Build.0 = Release|Win32
		{E658A206-C3E4-4EA5-8F0D-671915F90562}.Debug|x64.ActiveCfg = Debug|x64
		{E658A206-C3E4-4EA5-8F0D-671915F90562}.Debug|x64.Build.0 = Debug|x64
		{E658A206-C3E4-4EA5-8F0D-671915F90562}.Debug|x86.ActiveCfg = Debug|Win32
		{E658A206-C3E4-4EA5-8F0D-671915F90562}.Debug|x86.Build.0 = Debug|Win32
		{E658A206-C3E4-4EA5-8F0D-671915F90562}.Release|x64.ActiveCfg = Release|x64
		{E658A206-C3E4-4EA5-8F0D-671915F90562}.Release|x64.Build.0 = Release|x64
		{E658A206-C3E4-4EA5-8F0D-671915F90562}.Release|x86.ActiveCfg = Release|Win32
		{E658A206-C3E4-4EA5-8F0D-671915F90562}.Release|x86.Build.0 = Release|Win32
		{492620FE-9B1D-4CBB-ABD6-DA8069ACF199}.Debug|x64.ActiveCfg = Debug|x64
		{492620FE-9B1D-4CBB-ABD6-DA8069ACF199}.Debug|x64.Build.0 = Debug|x64
		{492620FE-9B1D-4CBB-ABD6-DA8069ACF199}.Debug|x86.ActiveCfg = Debug|Win32
		{492620FE-9B1D-4CBB-ABD6-DA8069ACF199}.Debug|x86.Build.0 = Debug|Win32
		{492620FE-9B1D-4CBB-ABD6-DA8069ACF199}.Release|x64.ActiveCfg = Release|x64
		{492620FE-9B1D-4CBB-ABD6-DA8069ACF199}.Release|x64.Build.0 = Release|x64
		{492620FE-9B1D-4CBB-ABD6-DA8069ACF199}.Release|x86.ActiveCfg = Release|Win32
		{492620FE-9B1D-4CBB-ABD6-DA8069ACF199}.Release|x86.Build.0 = Release|Win32
		{A84333F6-833E-4BBA-85CC-2C26F3F4CA63}.Debug|x64.ActiveCfg = Debug|x64
		{A84333F6-833E-4BBA-85CC-2C26F3F4CA63}.Debug|x64.Build.0 = Debug|x64
		{A84333F6-833E-4BBA-85CC-2C26F3F4CA63}.Debug|x86.ActiveCfg = Debug|Win32
		{A84333F6-833E-4BBA-85CC-2C26F3F4CA63}.Debug|x86.Build.0 = Debug|Win32
		{A84333F6-833E-4BBA-85CC-2C26F3F4CA63}.Release|x64.ActiveCfg = Release|x64
		{A84333F6-833E-4BBA-85CC-2C26F3F4CA63}.Release|x64.Build.0 = Release|x64
		{A84333F6-833E-4BBA-85CC-2C26F3F4CA63}.Release|x86.ActiveCfg = Release|Win32
		{A84333F6-833E-4BBA-85CC-2C26F3F4CA63}.Release|x86.Build.0 = Release|Win32
		{D71F12AE-7D66-411C-9768-798EF56D82F9}.Debug|x64.ActiveCfg = Debug|x64
		{D71F12AE-7D66-411C-9768-798EF56D82F9}.Debug|x64.Build.0 = Debug|x64
		{D71F12AE-7D66-411C-9768-798EF56D82F9}.Debug|x86.ActiveCfg = Debug|Win32
		{D71F12AE-7D66-411C-9768-798EF56D82F9}.Debug|x86.Build.0 = Debug|Win32
		{D71F12AE-7D66-411C-9768-798EF56D82F9}.Release|x64.ActiveCfg = Release|x64
		{D71F12AE-7D66-411C-9768-798EF56D82F9}.Release|x64.Build.0 = Release|x64
		{D71F12AE-7D66-411C-9768-798EF56D82F9}.Release|x86.ActiveCfg = Release|Win32
		{D71F12AE-7D66-411C-9768-798EF56D82F9}.Release|x86.Build.0 = Release|Win32
		{F60C0E78-2221-49EC-947F-04C8C0C98C84}.Debug|x64.ActiveCfg = Debug|x64
		{F60C0E78-2221-49EC-947F-04C8C0C98C84}.Debug|x64.Build.0 = Debug|x64
		{F60C0E78-2221-49EC-947F-04C8C0C98C84}.Debug|x86.ActiveCfg = Debug|Win32
		{F60C0E78-2221-49EC-947F-04C8C0C98C84}.Debug|x86.Build.0 = Debug|Win32
		{F60C0E78-2221-49EC-947F-04C8C0C98C84}.Release|x64.ActiveCfg = Release|x64
		{F60C0E78-2221-49EC-947F-04C8C0C98C84}.Release|x64.Build.0 = Release|x64
		{F60C0E78-2221-49EC-947F-04C8C0C98C84}.Release|x86.ActiveCfg = Release|Win32
		{F60C0E78-2221-49EC-947F-04C8C0C98C84}.Release|x86.Build.0 = Release|Win32
		{5E31F819-1339-4ACB-A0B1-AE724F4509C2}.Debug|x64.ActiveCfg = Debug|x64
		{5E31F819-1339-4ACB-A0B1-AE724F4509C2}.Debug|x64.Build.0 = Debug|x64
		{5E31F819-1339-4ACB-A0B1-AE724F4509C2}.Debug|x86.ActiveCfg = Debug|Win32
		{5E31F819-1339-4ACB-A0B1-AE724F4509C2}.Debug|x86.Build.0 = Debug|Win32
		{5E31F819-1339-4ACB-A0B1-AE724F4509C2}.Release|x64.ActiveCfg = Release|x64
		{5E31F819-1339-4ACB-A0B1-AE724F4509C2}.Release|x64.Build.0 = Release|x64
		{5E31F819-1339-4ACB-A0B1-AE724F4509C2}.Release|x86.ActiveCfg = Release|Win32
		{5E31F819-1339-4ACB-A0B1-AE724F4509C2}.Release|x86.Build.0 = Release|Win32
	EndGlobalSection
	GlobalSection(SolutionProperties) = preSolution
		HideSolutionNode = FALSE
	EndGlobalSection
	GlobalSection(ExtensibilityGlobals) = postSolution
		SolutionGuid = {59F21753-32D4-4536-A4C4-60B1FFD8D1CA}
	EndGlobalSection
EndGlobal
